
Microsoft Visual Studio Solution File, Format Version 12.00
# Visual Studio Version 17
VisualStudioVersion = 17.8.34330.188
MinimumVisualStudioVersion = 15.0.26124.0
Project("{9A19103F-16F7-4668-BE54-9A1E7A4F7556}") = "TechFood.Api", "TechFood.Api\TechFood.Api.csproj", "{8B1BD942-35AA-49B2-B5F2-5D5EF56EDD66}"
EndProject
Project("{2150E333-8FDC-42A3-9474-1A3956D46DE8}") = "1 - Services", "1 - Services", "{CCE67F0B-E463-4C31-91C6-31CB3E0A3AB9}"
EndProject
Project("{2150E333-8FDC-42A3-9474-1A3956D46DE8}") = "2 - Application", "2 - Application", "{0FEDB463-3E6F-45ED-9B61-D7B31A2E63C3}"
EndProject
Project("{2150E333-8FDC-42A3-9474-1A3956D46DE8}") = "3 - Domain", "3 - Domain", "{46A42396-DA4B-48B1-98B5-E76A80B7729D}"
EndProject
Project("{2150E333-8FDC-42A3-9474-1A3956D46DE8}") = "4 - Infra", "4 - Infra", "{EB05276E-D6BF-4DDF-A3BA-934E94352498}"
EndProject
Project("{2150E333-8FDC-42A3-9474-1A3956D46DE8}") = "4.1 - Data", "4.1 - Data", "{A641C0BB-4371-44C6-952C-1AF79AC56373}"
EndProject
Project("{2150E333-8FDC-42A3-9474-1A3956D46DE8}") = "4.2 - CrossCutting", "4.2 - CrossCutting", "{06FD14E1-6C81-4C00-9221-1014D52607D8}"
EndProject
Project("{9A19103F-16F7-4668-BE54-9A1E7A4F7556}") = "TechFood.Domain", "TechFood.Domain\TechFood.Domain.csproj", "{7A68BD09-3BED-4C0E-9188-EAC2FEBC0AEE}"
EndProject
Project("{9A19103F-16F7-4668-BE54-9A1E7A4F7556}") = "TechFood.Domain.Shared", "TechFood.Domain.Shared\TechFood.Domain.Shared.csproj", "{A86E6AB5-9AD9-467C-97E1-8A94F86BEB13}"
EndProject
Project("{9A19103F-16F7-4668-BE54-9A1E7A4F7556}") = "TechFood.Infra.Data", "TechFood.Infra.Data\TechFood.Infra.Data.csproj", "{C48990EA-241C-42D4-9592-23CA0362570B}"
EndProject
Project("{9A19103F-16F7-4668-BE54-9A1E7A4F7556}") = "TechFood.Application", "TechFood.Application\TechFood.Application.csproj", "{7C0FDF26-D329-41E9-B142-746F3A5AA6ED}"
EndProject
Project("{2150E333-8FDC-42A3-9474-1A3956D46DE8}") = "4.3 - Common", "4.3 - Common", "{64A08913-8CDD-43D7-A817-C5E3F795D61B}"
EndProject
Project("{2150E333-8FDC-42A3-9474-1A3956D46DE8}") = "4.4 - Services", "4.4 - Services", "{02563C0F-F105-4239-861C-CD1299AA2B26}"
EndProject
Project("{9A19103F-16F7-4668-BE54-9A1E7A4F7556}") = "TechFood.Infra.CrossCutting.IoC", "TechFood.Infra.CrossCutting.IoC\TechFood.Infra.CrossCutting.IoC.csproj", "{018BB4F2-E79D-4489-96F1-322A78DC48A2}"
EndProject
Global
	GlobalSection(SolutionConfigurationPlatforms) = preSolution
		Debug|Any CPU = Debug|Any CPU
		Debug|x64 = Debug|x64
		Debug|x86 = Debug|x86
		Release|Any CPU = Release|Any CPU
		Release|x64 = Release|x64
		Release|x86 = Release|x86
	EndGlobalSection
	GlobalSection(ProjectConfigurationPlatforms) = postSolution
		{8B1BD942-35AA-49B2-B5F2-5D5EF56EDD66}.Debug|Any CPU.ActiveCfg = Debug|Any CPU
		{8B1BD942-35AA-49B2-B5F2-5D5EF56EDD66}.Debug|Any CPU.Build.0 = Debug|Any CPU
		{8B1BD942-35AA-49B2-B5F2-5D5EF56EDD66}.Debug|x64.ActiveCfg = Debug|Any CPU
		{8B1BD942-35AA-49B2-B5F2-5D5EF56EDD66}.Debug|x64.Build.0 = Debug|Any CPU
		{8B1BD942-35AA-49B2-B5F2-5D5EF56EDD66}.Debug|x86.ActiveCfg = Debug|Any CPU
		{8B1BD942-35AA-49B2-B5F2-5D5EF56EDD66}.Debug|x86.Build.0 = Debug|Any CPU
		{8B1BD942-35AA-49B2-B5F2-5D5EF56EDD66}.Release|Any CPU.ActiveCfg = Release|Any CPU
		{8B1BD942-35AA-49B2-B5F2-5D5EF56EDD66}.Release|Any CPU.Build.0 = Release|Any CPU
		{8B1BD942-35AA-49B2-B5F2-5D5EF56EDD66}.Release|x64.ActiveCfg = Release|Any CPU
		{8B1BD942-35AA-49B2-B5F2-5D5EF56EDD66}.Release|x64.Build.0 = Release|Any CPU
		{8B1BD942-35AA-49B2-B5F2-5D5EF56EDD66}.Release|x86.ActiveCfg = Release|Any CPU
		{8B1BD942-35AA-49B2-B5F2-5D5EF56EDD66}.Release|x86.Build.0 = Release|Any CPU
		{7A68BD09-3BED-4C0E-9188-EAC2FEBC0AEE}.Debug|Any CPU.ActiveCfg = Debug|Any CPU
		{7A68BD09-3BED-4C0E-9188-EAC2FEBC0AEE}.Debug|Any CPU.Build.0 = Debug|Any CPU
		{7A68BD09-3BED-4C0E-9188-EAC2FEBC0AEE}.Debug|x64.ActiveCfg = Debug|Any CPU
		{7A68BD09-3BED-4C0E-9188-EAC2FEBC0AEE}.Debug|x64.Build.0 = Debug|Any CPU
		{7A68BD09-3BED-4C0E-9188-EAC2FEBC0AEE}.Debug|x86.ActiveCfg = Debug|Any CPU
		{7A68BD09-3BED-4C0E-9188-EAC2FEBC0AEE}.Debug|x86.Build.0 = Debug|Any CPU
		{7A68BD09-3BED-4C0E-9188-EAC2FEBC0AEE}.Release|Any CPU.ActiveCfg = Release|Any CPU
		{7A68BD09-3BED-4C0E-9188-EAC2FEBC0AEE}.Release|Any CPU.Build.0 = Release|Any CPU
		{7A68BD09-3BED-4C0E-9188-EAC2FEBC0AEE}.Release|x64.ActiveCfg = Release|Any CPU
		{7A68BD09-3BED-4C0E-9188-EAC2FEBC0AEE}.Release|x64.Build.0 = Release|Any CPU
		{7A68BD09-3BED-4C0E-9188-EAC2FEBC0AEE}.Release|x86.ActiveCfg = Release|Any CPU
		{7A68BD09-3BED-4C0E-9188-EAC2FEBC0AEE}.Release|x86.Build.0 = Release|Any CPU
		{A86E6AB5-9AD9-467C-97E1-8A94F86BEB13}.Debug|Any CPU.ActiveCfg = Debug|Any CPU
		{A86E6AB5-9AD9-467C-97E1-8A94F86BEB13}.Debug|Any CPU.Build.0 = Debug|Any CPU
		{A86E6AB5-9AD9-467C-97E1-8A94F86BEB13}.Debug|x64.ActiveCfg = Debug|Any CPU
		{A86E6AB5-9AD9-467C-97E1-8A94F86BEB13}.Debug|x64.Build.0 = Debug|Any CPU
		{A86E6AB5-9AD9-467C-97E1-8A94F86BEB13}.Debug|x86.ActiveCfg = Debug|Any CPU
		{A86E6AB5-9AD9-467C-97E1-8A94F86BEB13}.Debug|x86.Build.0 = Debug|Any CPU
		{A86E6AB5-9AD9-467C-97E1-8A94F86BEB13}.Release|Any CPU.ActiveCfg = Release|Any CPU
		{A86E6AB5-9AD9-467C-97E1-8A94F86BEB13}.Release|Any CPU.Build.0 = Release|Any CPU
		{A86E6AB5-9AD9-467C-97E1-8A94F86BEB13}.Release|x64.ActiveCfg = Release|Any CPU
		{A86E6AB5-9AD9-467C-97E1-8A94F86BEB13}.Release|x64.Build.0 = Release|Any CPU
		{A86E6AB5-9AD9-467C-97E1-8A94F86BEB13}.Release|x86.ActiveCfg = Release|Any CPU
		{A86E6AB5-9AD9-467C-97E1-8A94F86BEB13}.Release|x86.Build.0 = Release|Any CPU
		{C48990EA-241C-42D4-9592-23CA0362570B}.Debug|Any CPU.ActiveCfg = Debug|Any CPU
		{C48990EA-241C-42D4-9592-23CA0362570B}.Debug|Any CPU.Build.0 = Debug|Any CPU
		{C48990EA-241C-42D4-9592-23CA0362570B}.Debug|x64.ActiveCfg = Debug|Any CPU
		{C48990EA-241C-42D4-9592-23CA0362570B}.Debug|x64.Build.0 = Debug|Any CPU
		{C48990EA-241C-42D4-9592-23CA0362570B}.Debug|x86.ActiveCfg = Debug|Any CPU
		{C48990EA-241C-42D4-9592-23CA0362570B}.Debug|x86.Build.0 = Debug|Any CPU
		{C48990EA-241C-42D4-9592-23CA0362570B}.Release|Any CPU.ActiveCfg = Release|Any CPU
		{C48990EA-241C-42D4-9592-23CA0362570B}.Release|Any CPU.Build.0 = Release|Any CPU
		{C48990EA-241C-42D4-9592-23CA0362570B}.Release|x64.ActiveCfg = Release|Any CPU
		{C48990EA-241C-42D4-9592-23CA0362570B}.Release|x64.Build.0 = Release|Any CPU
		{C48990EA-241C-42D4-9592-23CA0362570B}.Release|x86.ActiveCfg = Release|Any CPU
		{C48990EA-241C-42D4-9592-23CA0362570B}.Release|x86.Build.0 = Release|Any CPU
		{7C0FDF26-D329-41E9-B142-746F3A5AA6ED}.Debug|Any CPU.ActiveCfg = Debug|Any CPU
		{7C0FDF26-D329-41E9-B142-746F3A5AA6ED}.Debug|Any CPU.Build.0 = Debug|Any CPU
		{7C0FDF26-D329-41E9-B142-746F3A5AA6ED}.Debug|x64.ActiveCfg = Debug|Any CPU
		{7C0FDF26-D329-41E9-B142-746F3A5AA6ED}.Debug|x64.Build.0 = Debug|Any CPU
		{7C0FDF26-D329-41E9-B142-746F3A5AA6ED}.Debug|x86.ActiveCfg = Debug|Any CPU
		{7C0FDF26-D329-41E9-B142-746F3A5AA6ED}.Debug|x86.Build.0 = Debug|Any CPU
		{7C0FDF26-D329-41E9-B142-746F3A5AA6ED}.Release|Any CPU.ActiveCfg = Release|Any CPU
		{7C0FDF26-D329-41E9-B142-746F3A5AA6ED}.Release|Any CPU.Build.0 = Release|Any CPU
		{7C0FDF26-D329-41E9-B142-746F3A5AA6ED}.Release|x64.ActiveCfg = Release|Any CPU
		{7C0FDF26-D329-41E9-B142-746F3A5AA6ED}.Release|x64.Build.0 = Release|Any CPU
		{7C0FDF26-D329-41E9-B142-746F3A5AA6ED}.Release|x86.ActiveCfg = Release|Any CPU
		{7C0FDF26-D329-41E9-B142-746F3A5AA6ED}.Release|x86.Build.0 = Release|Any CPU
		{018BB4F2-E79D-4489-96F1-322A78DC48A2}.Debug|Any CPU.ActiveCfg = Debug|Any CPU
		{018BB4F2-E79D-4489-96F1-322A78DC48A2}.Debug|Any CPU.Build.0 = Debug|Any CPU
		{018BB4F2-E79D-4489-96F1-322A78DC48A2}.Debug|x64.ActiveCfg = Debug|Any CPU
		{018BB4F2-E79D-4489-96F1-322A78DC48A2}.Debug|x64.Build.0 = Debug|Any CPU
		{018BB4F2-E79D-4489-96F1-322A78DC48A2}.Debug|x86.ActiveCfg = Debug|Any CPU
		{018BB4F2-E79D-4489-96F1-322A78DC48A2}.Debug|x86.Build.0 = Debug|Any CPU
		{018BB4F2-E79D-4489-96F1-322A78DC48A2}.Release|Any CPU.ActiveCfg = Release|Any CPU
		{018BB4F2-E79D-4489-96F1-322A78DC48A2}.Release|Any CPU.Build.0 = Release|Any CPU
		{018BB4F2-E79D-4489-96F1-322A78DC48A2}.Release|x64.ActiveCfg = Release|Any CPU
		{018BB4F2-E79D-4489-96F1-322A78DC48A2}.Release|x64.Build.0 = Release|Any CPU
		{018BB4F2-E79D-4489-96F1-322A78DC48A2}.Release|x86.ActiveCfg = Release|Any CPU
		{018BB4F2-E79D-4489-96F1-322A78DC48A2}.Release|x86.Build.0 = Release|Any CPU
	EndGlobalSection
	GlobalSection(SolutionProperties) = preSolution
		HideSolutionNode = FALSE
	EndGlobalSection
	GlobalSection(NestedProjects) = preSolution
		{8B1BD942-35AA-49B2-B5F2-5D5EF56EDD66} = {CCE67F0B-E463-4C31-91C6-31CB3E0A3AB9}
		{A641C0BB-4371-44C6-952C-1AF79AC56373} = {EB05276E-D6BF-4DDF-A3BA-934E94352498}
		{06FD14E1-6C81-4C00-9221-1014D52607D8} = {EB05276E-D6BF-4DDF-A3BA-934E94352498}
		{7A68BD09-3BED-4C0E-9188-EAC2FEBC0AEE} = {46A42396-DA4B-48B1-98B5-E76A80B7729D}
		{A86E6AB5-9AD9-467C-97E1-8A94F86BEB13} = {46A42396-DA4B-48B1-98B5-E76A80B7729D}
		{C48990EA-241C-42D4-9592-23CA0362570B} = {A641C0BB-4371-44C6-952C-1AF79AC56373}
		{7C0FDF26-D329-41E9-B142-746F3A5AA6ED} = {0FEDB463-3E6F-45ED-9B61-D7B31A2E63C3}
		{64A08913-8CDD-43D7-A817-C5E3F795D61B} = {EB05276E-D6BF-4DDF-A3BA-934E94352498}
		{02563C0F-F105-4239-861C-CD1299AA2B26} = {EB05276E-D6BF-4DDF-A3BA-934E94352498}
		{018BB4F2-E79D-4489-96F1-322A78DC48A2} = {06FD14E1-6C81-4C00-9221-1014D52607D8}
	EndGlobalSection
	GlobalSection(ExtensibilityGlobals) = postSolution
		SolutionGuid = {08492C5F-0B0F-4434-9AAF-5ED0298B15BF}
	EndGlobalSection
EndGlobal
